Microsoft Visual Studio Solution File, Format Version 12.00
# Visual Studio Version 17
VisualStudioVersion = 17.5.2.0
MinimumVisualStudioVersion = 10.0.40219.1
Project("{2150E333-8FDC-42A3-9474-1A3956D46DE8}") = "lab01", "lab01", "{EE75C665-CF0B-E757-6772-FD49DA9E1E54}"
EndProject
Project("{FAE04EC0-301F-11D3-BF4B-00C04F79EFBC}") = "wPattern", "lab01\wPattern\wPattern.csproj", "{C03F6223-F8F5-E95F-699D-64B1BF6D9CA5}"
EndProject
Project("{FAE04EC0-301F-11D3-BF4B-00C04F79EFBC}") = "woPattern", "lab01\woPattern\woPattern.csproj", "{547AA5C4-2954-EB8F-E7D4-4DDD4758E124}"
EndProject
Global
	GlobalSection(SolutionConfigurationPlatforms) = preSolution
		Debug|Any CPU = Debug|Any CPU
		Release|Any CPU = Release|Any CPU
	EndGlobalSection
	GlobalSection(ProjectConfigurationPlatforms) = postSolution
		{C03F6223-F8F5-E95F-699D-64B1BF6D9CA5}.Debug|Any CPU.ActiveCfg = Debug|Any CPU
		{C03F6223-F8F5-E95F-699D-64B1BF6D9CA5}.Debug|Any CPU.Build.0 = Debug|Any CPU
		{C03F6223-F8F5-E95F-699D-64B1BF6D9CA5}.Release|Any CPU.ActiveCfg = Release|Any CPU
		{C03F6223-F8F5-E95F-699D-64B1BF6D9CA5}.Release|Any CPU.Build.0 = Release|Any CPU
		{547AA5C4-2954-EB8F-E7D4-4DDD4758E124}.Debug|Any CPU.ActiveCfg = Debug|Any CPU
		{547AA5C4-2954-EB8F-E7D4-4DDD4758E124}.Debug|Any CPU.Build.0 = Debug|Any CPU
		{547AA5C4-2954-EB8F-E7D4-4DDD4758E124}.Release|Any CPU.ActiveCfg = Release|Any CPU
		{547AA5C4-2954-EB8F-E7D4-4DDD4758E124}.Release|Any CPU.Build.0 = Release|Any CPU
	EndGlobalSection
	GlobalSection(SolutionProperties) = preSolution
		HideSolutionNode = FALSE
	EndGlobalSection
	GlobalSection(NestedProjects) = preSolution
		{C03F6223-F8F5-E95F-699D-64B1BF6D9CA5} = {EE75C665-CF0B-E757-6772-FD49DA9E1E54}
		{547AA5C4-2954-EB8F-E7D4-4DDD4758E124} = {EE75C665-CF0B-E757-6772-FD49DA9E1E54}
	EndGlobalSection
	GlobalSection(ExtensibilityGlobals) = postSolution
		SolutionGuid = {6A5D1D13-7126-456D-B718-0C659F12537C}
	EndGlobalSection
EndGlobal
